{
    "_readme": [
        "This file locks the dependencies of your project to a known state",
        "Read more about it at https://getcomposer.org/doc/01-basic-usage.md#installing-dependencies",
        "This file is @generated automatically"
    ],
    "content-hash": "8784ea8a825c35998adad6d1cc01a313",
    "packages": [
        {
            "name": "athari/yalinqo",
            "version": "v2.4.2",
            "source": {
                "type": "git",
                "url": "https://github.com/Athari/YaLinqo.git",
                "reference": "cb8afe0c03a9ea639f9a14ea78641abb2b7682fb"
            },
            "dist": {
                "type": "zip",
                "url": "https://api.github.com/repos/Athari/YaLinqo/zipball/cb8afe0c03a9ea639f9a14ea78641abb2b7682fb",
                "reference": "cb8afe0c03a9ea639f9a14ea78641abb2b7682fb",
                "shasum": ""
            },
            "require": {
                "php": ">=5.5"
            },
            "require-dev": {
                "phpdocumentor/phpdocumentor": "^2.8",
                "phpunit/phpunit": "<6",
                "satooshi/php-coveralls": "^2.0"
            },
            "type": "library",
            "extra": {
                "branch-alias": {
                    "dev-master": "2.x-dev"
                }
            },
            "autoload": {
                "psr-4": {
                    "YaLinqo\\": "YaLinqo/"
                },
                "files": [
                    "YaLinqo/Linq.php"
                ]
            },
            "notification-url": "https://packagist.org/downloads/",
            "license": [
                "BSD-2-Clause"
            ],
            "authors": [
                {
                    "name": "Alexander Prokhorov",
                    "homepage": "https://github.com/Athari/"
                }
            ],
            "description": "YaLinqo, a LINQ-to-objects library for PHP",
            "homepage": "http://athari.github.io/YaLinqo",
            "keywords": [
                "linq",
                "linqo",
                "query",
                "statistic"
            ],
            "time": "2019-01-10T20:41:46+00:00"
        }
    ],
    "packages-dev": [
        {
            "name": "outcompute/phpinfo",
            "version": "1.1.0",
            "source": {
                "type": "git",
                "url": "https://github.com/outcompute/PHPInfo.git",
                "reference": "14cff7d8a1c323b66c736ee105efcf2a3130b122"
            },
            "dist": {
                "type": "zip",
                "url": "https://api.github.com/repos/outcompute/PHPInfo/zipball/14cff7d8a1c323b66c736ee105efcf2a3130b122",
                "reference": "14cff7d8a1c323b66c736ee105efcf2a3130b122",
                "shasum": ""
            },
            "type": "library",
            "autoload": {
                "psr-4": {
                    "OutCompute\\PHPInfo\\": "src"
                }
            },
            "notification-url": "https://packagist.org/downloads/",
            "license": [
                "GPL-2.0"
            ],
            "authors": [
                {
                    "name": "outcompute",
                    "email": "gkumarrahul@gmail.com"
                }
            ],
            "description": "Get the output of phpinfo() as an array.",
            "keywords": [
                "array",
                "php",
                "phpinfo"
            ],
            "time": "2020-01-08T14:01:00+00:00"
        },
        {
            "name": "pds/skeleton",
            "version": "1.0.0",
            "source": {
                "type": "git",
                "url": "https://github.com/php-pds/skeleton.git",
                "reference": "95e476e5d629eadacbd721c5a9553e537514a231"
            },
            "dist": {
                "type": "zip",
                "url": "https://api.github.com/repos/php-pds/skeleton/zipball/95e476e5d629eadacbd721c5a9553e537514a231",
                "reference": "95e476e5d629eadacbd721c5a9553e537514a231",
                "shasum": ""
            },
            "bin": [
                "bin/pds-skeleton"
            ],
            "type": "standard",
            "autoload": {
                "psr-4": {
                    "Pds\\Skeleton\\": "src/"
                }
            },
            "notification-url": "https://packagist.org/downloads/",
            "license": [
                "CC-BY-SA-4.0"
            ],
            "description": "Standard for PHP package skeletons.",
            "homepage": "https://github.com/php-pds/skeleton",
            "time": "2017-01-25T23:30:41+00:00"
        }
    ],
    "aliases": [],
    "minimum-stability": "stable",
    "stability-flags": [],
    "prefer-stable": false,
    "prefer-lowest": false,
    "platform": [],
    "platform-dev": []
}
